
Microsoft Visual Studio Solution File, Format Version 12.00
# Visual Studio Version 16
VisualStudioVersion = 16.0.30002.166
MinimumVisualStudioVersion = 10.0.40219.1
Project("{FAE04EC0-301F-11D3-BF4B-00C04F79EFBC}") = "PittigRestoMVC", "PittigRestoMVC\PittigRestoMVC.csproj", "{3EE6E7B0-202D-4B8F-A230-46553C918A44}"
EndProject
Global
	GlobalSection(SolutionConfigurationPlatforms) = preSolution
		Debug|Any CPU = Debug|Any CPU
		Release|Any CPU = Release|Any CPU
	EndGlobalSection
	GlobalSection(ProjectConfigurationPlatforms) = postSolution
		{3EE6E7B0-202D-4B8F-A230-46553C918A44}.Debug|Any CPU.ActiveCfg = Debug|Any CPU
		{3EE6E7B0-202D-4B8F-A230-46553C918A44}.Debug|Any CPU.Build.0 = Debug|Any CPU
		{3EE6E7B0-202D-4B8F-A230-46553C918A44}.Release|Any CPU.ActiveCfg = Release|Any CPU
		{3EE6E7B0-202D-4B8F-A230-46553C918A44}.Release|Any CPU.Build.0 = Release|Any CPU
	EndGlobalSection
	GlobalSection(SolutionProperties) = preSolution
		HideSolutionNode = FALSE
	EndGlobalSection
	GlobalSection(ExtensibilityGlobals) = postSolution
		SolutionGuid = {DA3B70CA-5426-4618-ADB1-B3126840CEE7}
	EndGlobalSection
EndGlobal
